uuid: 0cb704e6-6957-411d-9d61-5a884add2220
langcode: en
status: true
dependencies:
  config:
    - block_visibility_groups.block_visibility_group.heppellab_project_landing_pages
  module:
    - block_visibility_groups
  theme:
    - madrone
id: heppellab_project_landing_pages_projects_block
theme: madrone
region: content
weight: -10
provider: null
plugin: 'views_block:projects-block'
settings:
  id: broken
  label: ''
  label_display: visible
  provider: core
visibility:
  condition_group:
    id: condition_group
    negate: false
    block_visibility_group: heppellab_project_landing_pages
